// !$*UTF8*$!
{
	archiveVersion = 1;
	classes = {
	};
	objectVersion = 55;
	objects = {

/* Begin PBXBuildFile section */
		ACF468AA281A6A02005D9A39 /* AppDelegate.swift in Sources */ = {isa = PBXBuildFile; fileRef = ACF468A9281A6A02005D9A39 /* AppDelegate.swift */; };
		ACF468AC281A6A02005D9A39 /* SceneDelegate.swift in Sources */ = {isa = PBXBuildFile; fileRef = ACF468AB281A6A02005D9A39 /* SceneDelegate.swift */; };
		ACF468AE281A6A02005D9A39 /* ViewController.swift in Sources */ = {isa = PBXBuildFile; fileRef = ACF468AD281A6A02005D9A39 /* ViewController.swift */; };
		ACF468B1281A6A02005D9A39 /* Main.storyboard in Resources */ = {isa = PBXBuildFile; fileRef = ACF468AF281A6A02005D9A39 /* Main.storyboard */; };
		ACF468B3281A6A03005D9A39 /* Assets.xcassets in Resources */ = {isa = PBXBuildFile; fileRef = ACF468B2281A6A03005D9A39 /* Assets.xcassets */; };
		ACF468B6281A6A03005D9A39 /* LaunchScreen.storyboard in Resources */ = {isa = PBXBuildFile; fileRef = ACF468B4281A6A03005D9A39 /* LaunchScreen.storyboard */; };
		ACF468C1281A6A03005D9A39 /* PogodaTests.swift in Sources */ = {isa = PBXBuildFile; fileRef = ACF468C0281A6A03005D9A39 /* PogodaTests.swift */; };
		ACF468CB281A6A03005D9A39 /* PogodaUITests.swift in Sources */ = {isa = PBXBuildFile; fileRef = ACF468CA281A6A03005D9A39 /* PogodaUITests.swift */; };
		ACF468CD281A6A03005D9A39 /* PogodaUITestsLaunchTests.swift in Sources */ = {isa = PBXBuildFile; fileRef = ACF468CC281A6A03005D9A39 /* PogodaUITestsLaunchTests.swift */; };
/* End PBXBuildFile section */

/* Begin PBXContainerItemProxy section */
		ACF468BD281A6A03005D9A39 /* PBXContainerItemProxy */ = {
			isa = PBXContainerItemProxy;
			containerPortal = ACF4689E281A6A02005D9A39 /* Project object */;
			proxyType = 1;
			remoteGlobalIDString = ACF468A5281A6A02005D9A39;
			remoteInfo = Pogoda;
		};
		ACF468C7281A6A03005D9A39 /* PBXContainerItemProxy */ = {
			isa = PBXContainerItemProxy;
			containerPortal = ACF4689E281A6A02005D9A39 /* Project object */;
			proxyType = 1;
			remoteGlobalIDString = ACF468A5281A6A02005D9A39;
			remoteInfo = Pogoda;
		};
/* End PBXContainerItemProxy section */

/* Begin PBXFileReference section */
		ACF468A6281A6A02005D9A39 /* Pogoda.app */ = {isa = PBXFileReference; explicitFileType = wrapper.application; includeInIndex = 0; path = Pogoda.app; sourceTree = BUILT_PRODUCTS_DIR; };
		ACF468A9281A6A02005D9A39 /* AppDelegate.swift */ = {isa = PBXFileReference; lastKnownFileType = sourcecode.swift; path = AppDelegate.swift; sourceTree = "<group>"; };
		ACF468AB281A6A02005D9A39 /* SceneDelegate.swift */ = {isa = PBXFileReference; lastKnownFileType = sourcecode.swift; path = SceneDelegate.swift; sourceTree = "<group>"; };
		ACF468AD281A6A02005D9A39 /* ViewController.swift */ = {isa = PBXFileReference; lastKnownFileType = sourcecode.swift; path = ViewController.swift; sourceTree = "<group>"; };
		ACF468B0281A6A02005D9A39 /* Base */ = {isa = PBXFileReference; lastKnownFileType = file.storyboard; name = Base; path = Base.lproj/Main.storyboard; sourceTree = "<group>"; };
		ACF468B2281A6A03005D9A39 /* Assets.xcassets */ = {isa = PBXFileReference; lastKnownFileType = folder.assetcatalog; path = Assets.xcassets; sourceTree = "<group>"; };
		ACF468B5281A6A03005D9A39 /* Base */ = {isa = PBXFileReference; lastKnownFileType = file.storyboard; name = Base; path = Base.lproj/LaunchScreen.storyboard; sourceTree = "<group>"; };
		ACF468B7281A6A03005D9A39 /* Info.plist */ = {isa = PBXFileReference; lastKnownFileType = text.plist.xml; path = Info.plist; sourceTree = "<group>"; };
		ACF468BC281A6A03005D9A39 /* PogodaTests.xctest */ = {isa = PBXFileReference; explicitFileType = wrapper.cfbundle; includeInIndex = 0; path = PogodaTests.xctest; sourceTree = BUILT_PRODUCTS_DIR; };
		ACF468C0281A6A03005D9A39 /* PogodaTests.swift */ = {isa = PBXFileReference; lastKnownFileType = sourcecode.swift; path = PogodaTests.swift; sourceTree = "<group>"; };
		ACF468C6281A6A03005D9A39 /* PogodaUITests.xctest */ = {isa = PBXFileReference; explicitFileType = wrapper.cfbundle; includeInIndex = 0; path = PogodaUITests.xctest; sourceTree = BUILT_PRODUCTS_DIR; };
		ACF468CA281A6A03005D9A39 /* PogodaUITests.swift */ = {isa = PBXFileReference; lastKnownFileType = sourcecode.swift; path = PogodaUITests.swift; sourceTree = "<group>"; };
		ACF468CC281A6A03005D9A39 /* PogodaUITestsLaunchTests.swift */ = {isa = PBXFileReference; lastKnownFileType = sourcecode.swift; path = PogodaUITestsLaunchTests.swift; sourceTree = "<group>"; };
/* End PBXFileReference section */

/* Begin PBXFrameworksBuildPhase section */
		ACF468A3281A6A02005D9A39 /* Frameworks */ = {
			isa = PBXFrameworksBuildPhase;
			buildActionMask = 2147483647;
			files = (
			);
			runOnlyForDeploymentPostprocessing = 0;
		};
		ACF468B9281A6A03005D9A39 /* Frameworks */ = {
			isa = PBXFrameworksBuildPhase;
			buildActionMask = 2147483647;
			files = (
			);
			runOnlyForDeploymentPostprocessing = 0;
		};
		ACF468C3281A6A03005D9A39 /* Frameworks */ = {
			isa = PBXFrameworksBuildPhase;
			buildActionMask = 2147483647;
			files = (
			);
			runOnlyForDeploymentPostprocessing = 0;
		};
/* End PBXFrameworksBuildPhase section */

/* Begin PBXGroup section */
		ACF4689D281A6A02005D9A39 = {
			isa = PBXGroup;
			children = (
				ACF468A8281A6A02005D9A39 /* Pogoda */,
				ACF468BF281A6A03005D9A39 /* PogodaTests */,
				ACF468C9281A6A03005D9A39 /* PogodaUITests */,
				ACF468A7281A6A02005D9A39 /* Products */,
			);
			sourceTree = "<group>";
		};
		ACF468A7281A6A02005D9A39 /* Products */ = {
			isa = PBXGroup;
			children = (
				ACF468A6281A6A02005D9A39 /* Pogoda.app */,
				ACF468BC281A6A03005D9A39 /* PogodaTests.xctest */,
				ACF468C6281A6A03005D9A39 /* PogodaUITests.xctest */,
			);
			name = Products;
			sourceTree = "<group>";
		};
		ACF468A8281A6A02005D9A39 /* Pogoda */ = {
			isa = PBXGroup;
			children = (
				ACF468A9281A6A02005D9A39 /* AppDelegate.swift */,
				ACF468AB281A6A02005D9A39 /* SceneDelegate.swift */,
				ACF468AD281A6A02005D9A39 /* ViewController.swift */,
				ACF468AF281A6A02005D9A39 /* Main.storyboard */,
				ACF468B2281A6A03005D9A39 /* Assets.xcassets */,
				ACF468B4281A6A03005D9A39 /* LaunchScreen.storyboard */,
				ACF468B7281A6A03005D9A39 /* Info.plist */,
			);
			path = Pogoda;
			sourceTree = "<group>";
		};
		ACF468BF281A6A03005D9A39 /* PogodaTests */ = {
			isa = PBXGroup;
			children = (
				ACF468C0281A6A03005D9A39 /* PogodaTests.swift */,
			);
			path = PogodaTests;
			sourceTree = "<group>";
		};
		ACF468C9281A6A03005D9A39 /* PogodaUITests */ = {
			isa = PBXGroup;
			children = (
				ACF468CA281A6A03005D9A39 /* PogodaUITests.swift */,
				ACF468CC281A6A03005D9A39 /* PogodaUITestsLaunchTests.swift */,
			);
			path = PogodaUITests;
			sourceTree = "<group>";
		};
/* End PBXGroup section */

/* Begin PBXNativeTarget section */
		ACF468A5281A6A02005D9A39 /* Pogoda */ = {
			isa = PBXNativeTarget;
			buildConfigurationList = ACF468D0281A6A03005D9A39 /* Build configuration list for PBXNativeTarget "Pogoda" */;
			buildPhases = (
				ACF468A2281A6A02005D9A39 /* Sources */,
				ACF468A3281A6A02005D9A39 /* Frameworks */,
				ACF468A4281A6A02005D9A39 /* Resources */,
			);
			buildRules = (
			);
			dependencies = (
			);
			name = Pogoda;
			productName = Pogoda;
			productReference = ACF468A6281A6A02005D9A39 /* Pogoda.app */;
			productType = "com.apple.product-type.application";
		};
		ACF468BB281A6A03005D9A39 /* PogodaTests */ = {
			isa = PBXNativeTarget;
			buildConfigurationList = ACF468D3281A6A03005D9A39 /* Build configuration list for PBXNativeTarget "PogodaTests" */;
			buildPhases = (
				ACF468B8281A6A03005D9A39 /* Sources */,
				ACF468B9281A6A03005D9A39 /* Frameworks */,
				ACF468BA281A6A03005D9A39 /* Resources */,
			);
			buildRules = (
			);
			dependencies = (
				ACF468BE281A6A03005D9A39 /* PBXTargetDependency */,
			);
			name = PogodaTests;
			productName = PogodaTests;
			productReference = ACF468BC281A6A03005D9A39 /* PogodaTests.xctest */;
			productType = "com.apple.product-type.bundle.unit-test";
		};
		ACF468C5281A6A03005D9A39 /* PogodaUITests */ = {
			isa = PBXNativeTarget;
			buildConfigurationList = ACF468D6281A6A03005D9A39 /* Build configuration list for PBXNativeTarget "PogodaUITests" */;
			buildPhases = (
				ACF468C2281A6A03005D9A39 /* Sources */,
				ACF468C3281A6A03005D9A39 /* Frameworks */,
				ACF468C4281A6A03005D9A39 /* Resources */,
			);
			buildRules = (
			);
			dependencies = (
				ACF468C8281A6A03005D9A39 /* PBXTargetDependency */,
			);
			name = PogodaUITests;
			productName = PogodaUITests;
			productReference = ACF468C6281A6A03005D9A39 /* PogodaUITests.xctest */;
			productType = "com.apple.product-type.bundle.ui-testing";
		};
/* End PBXNativeTarget section */

/* Begin PBXProject section */
		ACF4689E281A6A02005D9A39 /* Project object */ = {
			isa = PBXProject;
			attributes = {
				BuildIndependentTargetsInParallel = 1;
				LastSwiftUpdateCheck = 1320;
				LastUpgradeCheck = 1320;
				TargetAttributes = {
					ACF468A5281A6A02005D9A39 = {
						CreatedOnToolsVersion = 13.2.1;
					};
					ACF468BB281A6A03005D9A39 = {
						CreatedOnToolsVersion = 13.2.1;
						TestTargetID = ACF468A5281A6A02005D9A39;
					};
					ACF468C5281A6A03005D9A39 = {
						CreatedOnToolsVersion = 13.2.1;
						TestTargetID = ACF468A5281A6A02005D9A39;
					};
				};
			};
			buildConfigurationList = ACF468A1281A6A02005D9A39 /* Build configuration list for PBXProject "Pogoda" */;
			compatibilityVersion = "Xcode 13.0";
			developmentRegion = en;
			hasScannedForEncodings = 0;
			knownRegions = (
				en,
				Base,
			);
			mainGroup = ACF4689D281A6A02005D9A39;
			productRefGroup = ACF468A7281A6A02005D9A39 /* Products */;
			projectDirPath = "";
			projectRoot = "";
			targets = (
				ACF468A5281A6A02005D9A39 /* Pogoda */,
				ACF468BB281A6A03005D9A39 /* PogodaTests */,
				ACF468C5281A6A03005D9A39 /* PogodaUITests */,
			);
		};
/* End PBXProject section */

/* Begin PBXResourcesBuildPhase section */
		ACF468A4281A6A02005D9A39 /* Resources */ = {
			isa = PBXResourcesBuildPhase;
			buildActionMask = 2147483647;
			files = (
				ACF468B6281A6A03005D9A39 /* LaunchScreen.storyboard in Resources */,
				ACF468B3281A6A03005D9A39 /* Assets.xcassets in Resources */,
				ACF468B1281A6A02005D9A39 /* Main.storyboard in Resources */,
			);
			runOnlyForDeploymentPostprocessing = 0;
		};
		ACF468BA281A6A03005D9A39 /* Resources */ = {
			isa = PBXResourcesBuildPhase;
			buildActionMask = 2147483647;
			files = (
			);
			runOnlyForDeploymentPostprocessing = 0;
		};
		ACF468C4281A6A03005D9A39 /* Resources */ = {
			isa = PBXResourcesBuildPhase;
			buildActionMask = 2147483647;
			files = (
			);
			runOnlyForDeploymentPostprocessing = 0;
		};
/* End PBXResourcesBuildPhase section */

/* Begin PBXSourcesBuildPhase section */
		ACF468A2281A6A02005D9A39 /* Sources */ = {
			isa = PBXSourcesBuildPhase;
			buildActionMask = 2147483647;
			files = (
				ACF468AE281A6A02005D9A39 /* ViewController.swift in Sources */,
				ACF468AA281A6A02005D9A39 /* AppDelegate.swift in Sources */,
				ACF468AC281A6A02005D9A39 /* SceneDelegate.swift in Sources */,
			);
			runOnlyForDeploymentPostprocessing = 0;
		};
		ACF468B8281A6A03005D9A39 /* Sources */ = {
			isa = PBXSourcesBuildPhase;
			buildActionMask = 2147483647;
			files = (
				ACF468C1281A6A03005D9A39 /* PogodaTests.swift in Sources */,
			);
			runOnlyForDeploymentPostprocessing = 0;
		};
		ACF468C2281A6A03005D9A39 /* Sources */ = {
			isa = PBXSourcesBuildPhase;
			buildActionMask = 2147483647;
			files = (
				ACF468CD281A6A03005D9A39 /* PogodaUITestsLaunchTests.swift in Sources */,
				ACF468CB281A6A03005D9A39 /* PogodaUITests.swift in Sources */,
			);
			runOnlyForDeploymentPostprocessing = 0;
		};
/* End PBXSourcesBuildPhase section */

/* Begin PBXTargetDependency section */
		ACF468BE281A6A03005D9A39 /* PBXTargetDependency */ = {
			isa = PBXTargetDependency;
			target = ACF468A5281A6A02005D9A39 /* Pogoda */;
			targetProxy = ACF468BD281A6A03005D9A39 /* PBXContainerItemProxy */;
		};
		ACF468C8281A6A03005D9A39 /* PBXTargetDependency */ = {
			isa = PBXTargetDependency;
			target = ACF468A5281A6A02005D9A39 /* Pogoda */;
			targetProxy = ACF468C7281A6A03005D9A39 /* PBXContainerItemProxy */;
		};
/* End PBXTargetDependency section */

/* Begin PBXVariantGroup section */
		ACF468AF281A6A02005D9A39 /* Main.storyboard */ = {
			isa = PBXVariantGroup;
			children = (
				ACF468B0281A6A02005D9A39 /* Base */,
			);
			name = Main.storyboard;
			sourceTree = "<group>";
		};
		ACF468B4281A6A03005D9A39 /* LaunchScreen.storyboard */ = {
			isa = PBXVariantGroup;
			children = (
				ACF468B5281A6A03005D9A39 /* Base */,
			);
			name = LaunchScreen.storyboard;
			sourceTree = "<group>";
		};
/* End PBXVariantGroup section */

/* Begin XCBuildConfiguration section */
		ACF468CE281A6A03005D9A39 /* Debug */ = {
			isa = XCBuildConfiguration;
			buildSettings = {
				ALWAYS_SEARCH_USER_PATHS = NO;
				CLANG_ANALYZER_NONNULL = YES;
				CLANG_ANALYZER_NUMBER_OBJECT_CONVERSION = YES_AGGRESSIVE;
				CLANG_CXX_LANGUAGE_STANDARD = "gnu++17";
				CLANG_CXX_LIBRARY = "libc++";
				CLANG_ENABLE_MODULES = YES;
				CLANG_ENABLE_OBJC_ARC = YES;
				CLANG_ENABLE_OBJC_WEAK = YES;
				CLANG_WARN_BLOCK_CAPTURE_AUTORELEASING = YES;
				CLANG_WARN_BOOL_CONVERSION = YES;
				CLANG_WARN_COMMA = YES;
				CLANG_WARN_CONSTANT_CONVERSION = YES;
				CLANG_WARN_DEPRECATED_OBJC_IMPLEMENTATIONS = YES;
				CLANG_WARN_DIRECT_OBJC_ISA_USAGE = YES_ERROR;
				CLANG_WARN_DOCUMENTATION_COMMENTS = YES;
				CLANG_WARN_EMPTY_BODY = YES;
				CLANG_WARN_ENUM_CONVERSION = YES;
				CLANG_WARN_INFINITE_RECURSION = YES;
				CLANG_WARN_INT_CONVERSION = YES;
				CLANG_WARN_NON_LITERAL_NULL_CONVERSION = YES;
				CLANG_WARN_OBJC_IMPLICIT_RETAIN_SELF = YES;
				CLANG_WARN_OBJC_LITERAL_CONVERSION = YES;
				CLANG_WARN_OBJC_ROOT_CLASS = YES_ERROR;
				CLANG_WARN_QUOTED_INCLUDE_IN_FRAMEWORK_HEADER = YES;
				CLANG_WARN_RANGE_LOOP_ANALYSIS = YES;
				CLANG_WARN_STRICT_PROTOTYPES = YES;
				CLANG_WARN_SUSPICIOUS_MOVE = YES;
				CLANG_WARN_UNGUARDED_AVAILABILITY = YES_AGGRESSIVE;
				CLANG_WARN_UNREACHABLE_CODE = YES;
				CLANG_WARN__DUPLICATE_METHOD_MATCH = YES;
				COPY_PHASE_STRIP = NO;
				DEBUG_INFORMATION_FORMAT = dwarf;
				ENABLE_STRICT_OBJC_MSGSEND = YES;
				ENABLE_TESTABILITY = YES;
				GCC_C_LANGUAGE_STANDARD = gnu11;
				GCC_DYNAMIC_NO_PIC = NO;
				GCC_NO_COMMON_BLOCKS = YES;
				GCC_OPTIMIZATION_LEVEL = 0;
				GCC_PREPROCESSOR_DEFINITIONS = (
					"DEBUG=1",
					"$(inherited)",
				);
				GCC_WARN_64_TO_32_BIT_CONVERSION = YES;
				GCC_WARN_ABOUT_RETURN_TYPE = YES_ERROR;
				GCC_WARN_UNDECLARED_SELECTOR = YES;
				GCC_WARN_UNINITIALIZED_AUTOS = YES_AGGRESSIVE;
				GCC_WARN_UNUSED_FUNCTION = YES;
				GCC_WARN_UNUSED_VARIABLE = YES;
				IPHONEOS_DEPLOYMENT_TARGET = 15.2;
				MTL_ENABLE_DEBUG_INFO = INCLUDE_SOURCE;
				MTL_FAST_MATH = YES;
				ONLY_ACTIVE_ARCH = YES;
				SDKROOT = iphoneos;
				SWIFT_ACTIVE_COMPILATION_CONDITIONS = DEBUG;
				SWIFT_OPTIMIZATION_LEVEL = "-Onone";
			};
			name = Debug;
		};
		ACF468CF281A6A03005D9A39 /* Release */ = {
			isa = XCBuildConfiguration;
			buildSettings = {
				ALWAYS_SEARCH_USER_PATHS = NO;
				CLANG_ANALYZER_NONNULL = YES;
				CLANG_ANALYZER_NUMBER_OBJECT_CONVERSION = YES_AGGRESSIVE;
				CLANG_CXX_LANGUAGE_STANDARD = "gnu++17";
				CLANG_CXX_LIBRARY = "libc++";
				CLANG_ENABLE_MODULES = YES;
				CLANG_ENABLE_OBJC_ARC = YES;
				CLANG_ENABLE_OBJC_WEAK = YES;
				CLANG_WARN_BLOCK_CAPTURE_AUTORELEASING = YES;
				CLANG_WARN_BOOL_CONVERSION = YES;
				CLANG_WARN_COMMA = YES;
				CLANG_WARN_CONSTANT_CONVERSION = YES;
				CLANG_WARN_DEPRECATED_OBJC_IMPLEMENTATIONS = YES;
				CLANG_WARN_DIRECT_OBJC_ISA_USAGE = YES_ERROR;
				CLANG_WARN_DOCUMENTATION_COMMENTS = YES;
				CLANG_WARN_EMPTY_BODY = YES;
				CLANG_WARN_ENUM_CONVERSION = YES;
				CLANG_WARN_INFINITE_RECURSION = YES;
				CLANG_WARN_INT_CONVERSION = YES;
				CLANG_WARN_NON_LITERAL_NULL_CONVERSION = YES;
				CLANG_WARN_OBJC_IMPLICIT_RETAIN_SELF = YES;
				CLANG_WARN_OBJC_LITERAL_CONVERSION = YES;
				CLANG_WARN_OBJC_ROOT_CLASS = YES_ERROR;
				CLANG_WARN_QUOTED_INCLUDE_IN_FRAMEWORK_HEADER = YES;
				CLANG_WARN_RANGE_LOOP_ANALYSIS = YES;
				CLANG_WARN_STRICT_PROTOTYPES = YES;
				CLANG_WARN_SUSPICIOUS_MOVE = YES;
				CLANG_WARN_UNGUARDED_AVAILABILITY = YES_AGGRESSIVE;
				CLANG_WARN_UNREACHABLE_CODE = YES;
				CLANG_WARN__DUPLICATE_METHOD_MATCH = YES;
				COPY_PHASE_STRIP = NO;
				DEBUG_INFORMATION_FORMAT = "dwarf-with-dsym";
				ENABLE_NS_ASSERTIONS = NO;
				ENABLE_STRICT_OBJC_MSGSEND = YES;
				GCC_C_LANGUAGE_STANDARD = gnu11;
				GCC_NO_COMMON_BLOCKS = YES;
				GCC_WARN_64_TO_32_BIT_CONVERSION = YES;
				GCC_WARN_ABOUT_RETURN_TYPE = YES_ERROR;
				GCC_WARN_UNDECLARED_SELECTOR = YES;
				GCC_WARN_UNINITIALIZED_AUTOS = YES_AGGRESSIVE;
				GCC_WARN_UNUSED_FUNCTION = YES;
				GCC_WARN_UNUSED_VARIABLE = YES;
				IPHONEOS_DEPLOYMENT_TARGET = 15.2;
				MTL_ENABLE_DEBUG_INFO = NO;
				MTL_FAST_MATH = YES;
				SDKROOT = iphoneos;
				SWIFT_COMPILATION_MODE = wholemodule;
				SWIFT_OPTIMIZATION_LEVEL = "-O";
				VALIDATE_PRODUCT = YES;
			};
			name = Release;
		};
		ACF468D1281A6A03005D9A39 /* Debug */ = {
			isa = XCBuildConfiguration;
			buildSettings = {
				ASSETCATALOG_COMPILER_APPICON_NAME = AppIcon;
				ASSETCATALOG_COMPILER_GLOBAL_ACCENT_COLOR_NAME = AccentColor;
				CODE_SIGN_STYLE = Automatic;
				CURRENT_PROJECT_VERSION = 1;
				GENERATE_INFOPLIST_FILE = YES;
				INFOPLIST_FILE = Pogoda/Info.plist;
				INFOPLIST_KEY_UIApplicationSupportsIndirectInputEvents = YES;
				INFOPLIST_KEY_UILaunchStoryboardName = LaunchScreen;
				INFOPLIST_KEY_UIMainStoryboardFile = Main;
				INFOPLIST_KEY_UISupportedInterfaceOrientations_iPad = "UIInterfaceOrientationPortrait UIInterfaceOrientationPortraitUpsideDown UIInterfaceOrientationLandscapeLeft UIInterfaceOrientationLandscapeRight";
				INFOPLIST_KEY_UISupportedInterfaceOrientations_iPhone = "UIInterfaceOrientationPortrait UIInterfaceOrientationLandscapeLeft UIInterfaceOrientationLandscapeRight";
				LD_RUNPATH_SEARCH_PATHS = (
					"$(inherited)",
					"@executable_path/Frameworks",
				);
				MARKETING_VERSION = 1.0;
				PRODUCT_BUNDLE_IDENTIFIER = "-23.Pogoda";
				PRODUCT_NAME = "$(TARGET_NAME)";
				SWIFT_EMIT_LOC_STRINGS = YES;
				SWIFT_VERSION = 5.0;
				TARGETED_DEVICE_FAMILY = "1,2";
			};
			name = Debug;
		};
		ACF468D2281A6A03005D9A39 /* Release */ = {
			isa = XCBuildConfiguration;
			buildSettings = {
				ASSETCATALOG_COMPILER_APPICON_NAME = AppIcon;
				ASSETCATALOG_COMPILER_GLOBAL_ACCENT_COLOR_NAME = AccentColor;
				CODE_SIGN_STYLE = Automatic;
				CURRENT_PROJECT_VERSION = 1;
				GENERATE_INFOPLIST_FILE = YES;
				INFOPLIST_FILE = Pogoda/Info.plist;
				INFOPLIST_KEY_UIApplicationSupportsIndirectInputEvents = YES;
				INFOPLIST_KEY_UILaunchStoryboardName = LaunchScreen;
				INFOPLIST_KEY_UIMainStoryboardFile = Main;
				INFOPLIST_KEY_UISupportedInterfaceOrientations_iPad = "UIInterfaceOrientationPortrait UIInterfaceOrientationPortraitUpsideDown UIInterfaceOrientationLandscapeLeft UIInterfaceOrientationLandscapeRight";
				INFOPLIST_KEY_UISupportedInterfaceOrientations_iPhone = "UIInterfaceOrientationPortrait UIInterfaceOrientationLandscapeLeft UIInterfaceOrientationLandscapeRight";
				LD_RUNPATH_SEARCH_PATHS = (
					"$(inherited)",
					"@executable_path/Frameworks",
				);
				MARKETING_VERSION = 1.0;
				PRODUCT_BUNDLE_IDENTIFIER = "-23.Pogoda";
				PRODUCT_NAME = "$(TARGET_NAME)";
				SWIFT_EMIT_LOC_STRINGS = YES;
				SWIFT_VERSION = 5.0;
				TARGETED_DEVICE_FAMILY = "1,2";
			};
			name = Release;
		};
		ACF468D4281A6A03005D9A39 /* Debug */ = {
			isa = XCBuildConfiguration;
			buildSettings = {
				ALWAYS_EMBED_SWIFT_STANDARD_LIBRARIES = YES;
				BUNDLE_LOADER = "$(TEST_HOST)";
				CODE_SIGN_STYLE = Automatic;
				CURRENT_PROJECT_VERSION = 1;
				GENERATE_INFOPLIST_FILE = YES;
				IPHONEOS_DEPLOYMENT_TARGET = 15.2;
				MARKETING_VERSION = 1.0;
				PRODUCT_BUNDLE_IDENTIFIER = "-23.PogodaTests";
				PRODUCT_NAME = "$(TARGET_NAME)";
				SWIFT_EMIT_LOC_STRINGS = NO;
				SWIFT_VERSION = 5.0;
				TARGETED_DEVICE_FAMILY = "1,2";
				TEST_HOST = "$(BUILT_PRODUCTS_DIR)/Pogoda.app/Pogoda";
			};
			name = Debug;
		};
		ACF468D5281A6A03005D9A39 /* Release */ = {
			isa = XCBuildConfiguration;
			buildSettings = {
				ALWAYS_EMBED_SWIFT_STANDARD_LIBRARIES = YES;
				BUNDLE_LOADER = "$(TEST_HOST)";
				CODE_SIGN_STYLE = Automatic;
				CURRENT_PROJECT_VERSION = 1;
				GENERATE_INFOPLIST_FILE = YES;
				IPHONEOS_DEPLOYMENT_TARGET = 15.2;
				MARKETING_VERSION = 1.0;
				PRODUCT_BUNDLE_IDENTIFIER = "-23.PogodaTests";
				PRODUCT_NAME = "$(TARGET_NAME)";
				SWIFT_EMIT_LOC_STRINGS = NO;
				SWIFT_VERSION = 5.0;
				TARGETED_DEVICE_FAMILY = "1,2";
				TEST_HOST = "$(BUILT_PRODUCTS_DIR)/Pogoda.app/Pogoda";
			};
			name = Release;
		};
		ACF468D7281A6A03005D9A39 /* Debug */ = {
			isa = XCBuildConfiguration;
			buildSettings = {
				ALWAYS_EMBED_SWIFT_STANDARD_LIBRARIES = YES;
				CODE_SIGN_STYLE = Automatic;
				CURRENT_PROJECT_VERSION = 1;
				GENERATE_INFOPLIST_FILE = YES;
				MARKETING_VERSION = 1.0;
				PRODUCT_BUNDLE_IDENTIFIER = "-23.PogodaUITests";
				PRODUCT_NAME = "$(TARGET_NAME)";
				SWIFT_EMIT_LOC_STRINGS = NO;
				SWIFT_VERSION = 5.0;
				TARGETED_DEVICE_FAMILY = "1,2";
				TEST_TARGET_NAME = Pogoda;
			};
			name = Debug;
		};
		ACF468D8281A6A03005D9A39 /* Release */ = {
			isa = XCBuildConfiguration;
			buildSettings = {
				ALWAYS_EMBED_SWIFT_STANDARD_LIBRARIES = YES;
				CODE_SIGN_STYLE = Automatic;
				CURRENT_PROJECT_VERSION = 1;
				GENERATE_INFOPLIST_FILE = YES;
				MARKETING_VERSION = 1.0;
				PRODUCT_BUNDLE_IDENTIFIER = "-23.PogodaUITests";
				PRODUCT_NAME = "$(TARGET_NAME)";
				SWIFT_EMIT_LOC_STRINGS = NO;
				SWIFT_VERSION = 5.0;
				TARGETED_DEVICE_FAMILY = "1,2";
				TEST_TARGET_NAME = Pogoda;
			};
			name = Release;
		};
/* End XCBuildConfiguration section */

/* Begin XCConfigurationList section */
		ACF468A1281A6A02005D9A39 /* Build configuration list for PBXProject "Pogoda" */ = {
			isa = XCConfigurationList;
			buildConfigurations = (
				ACF468CE281A6A03005D9A39 /* Debug */,
				ACF468CF281A6A03005D9A39 /* Release */,
			);
			defaultConfigurationIsVisible = 0;
			defaultConfigurationName = Release;
		};
		ACF468D0281A6A03005D9A39 /* Build configuration list for PBXNativeTarget "Pogoda" */ = {
			isa = XCConfigurationList;
			buildConfigurations = (
				ACF468D1281A6A03005D9A39 /* Debug */,
				ACF468D2281A6A03005D9A39 /* Release */,
			);
			defaultConfigurationIsVisible = 0;
			defaultConfigurationName = Release;
		};
		ACF468D3281A6A03005D9A39 /* Build configuration list for PBXNativeTarget "PogodaTests" */ = {
			isa = XCConfigurationList;
			buildConfigurations = (
				ACF468D4281A6A03005D9A39 /* Debug */,
				ACF468D5281A6A03005D9A39 /* Release */,
			);
			defaultConfigurationIsVisible = 0;
			defaultConfigurationName = Release;
		};
		ACF468D6281A6A03005D9A39 /* Build configuration list for PBXNativeTarget "PogodaUITests" */ = {
			isa = XCConfigurationList;
			buildConfigurations = (
				ACF468D7281A6A03005D9A39 /* Debug */,
				ACF468D8281A6A03005D9A39 /* Release */,
			);
			defaultConfigurationIsVisible = 0;
			defaultConfigurationName = Release;
		};
/* End XCConfigurationList section */
	};
	rootObject = ACF4689E281A6A02005D9A39 /* Project object */;
}
